
Microsoft Visual Studio Solution File, Format Version 12.00
# Visual Studio Version 17
VisualStudioVersion = 17.5.33424.131
MinimumVisualStudioVersion = 10.0.40219.1
Project("{FAE04EC0-301F-11D3-BF4B-00C04F79EFBC}") = "sayisal_logo", "sayisal_logo\sayisal_logo.csproj", "{79A688E4-4267-4839-846A-782800D1C78C}"
EndProject
Global
	GlobalSection(SolutionConfigurationPlatforms) = preSolution
		Debug|Any CPU = Debug|Any CPU
		Release|Any CPU = Release|Any CPU
	EndGlobalSection
	GlobalSection(ProjectConfigurationPlatforms) = postSolution
		{79A688E4-4267-4839-846A-782800D1C78C}.Debug|Any CPU.ActiveCfg = Debug|Any CPU
		{79A688E4-4267-4839-846A-782800D1C78C}.Debug|Any CPU.Build.0 = Debug|Any CPU
		{79A688E4-4267-4839-846A-782800D1C78C}.Release|Any CPU.ActiveCfg = Release|Any CPU
		{79A688E4-4267-4839-846A-782800D1C78C}.Release|Any CPU.Build.0 = Release|Any CPU
	EndGlobalSection
	GlobalSection(SolutionProperties) = preSolution
		HideSolutionNode = FALSE
	EndGlobalSection
	GlobalSection(ExtensibilityGlobals) = postSolution
		SolutionGuid = {AA031051-150E-469E-AD57-708F88DF1240}
	EndGlobalSection
EndGlobal
