
Microsoft Visual Studio Solution File, Format Version 12.00
# Visual Studio Version 17
VisualStudioVersion = 17.4.33213.308
MinimumVisualStudioVersion = 10.0.40219.1
Project("{FAE04EC0-301F-11D3-BF4B-00C04F79EFBC}") = "Odev1", "Odev1\Odev1.csproj", "{B7E14827-D58F-4AAA-B4C2-D5206FC8CD3A}"
EndProject
Global
	GlobalSection(SolutionConfigurationPlatforms) = preSolution
		Debug|Any CPU = Debug|Any CPU
		Release|Any CPU = Release|Any CPU
	EndGlobalSection
	GlobalSection(ProjectConfigurationPlatforms) = postSolution
		{B7E14827-D58F-4AAA-B4C2-D5206FC8CD3A}.Debug|Any CPU.ActiveCfg = Debug|Any CPU
		{B7E14827-D58F-4AAA-B4C2-D5206FC8CD3A}.Debug|Any CPU.Build.0 = Debug|Any CPU
		{B7E14827-D58F-4AAA-B4C2-D5206FC8CD3A}.Release|Any CPU.ActiveCfg = Release|Any CPU
		{B7E14827-D58F-4AAA-B4C2-D5206FC8CD3A}.Release|Any CPU.Build.0 = Release|Any CPU
	EndGlobalSection
	GlobalSection(SolutionProperties) = preSolution
		HideSolutionNode = FALSE
	EndGlobalSection
	GlobalSection(ExtensibilityGlobals) = postSolution
		SolutionGuid = {A8A21834-A600-4E6A-9451-84C1EDF8E97C}
	EndGlobalSection
EndGlobal
