
Microsoft Visual Studio Solution File, Format Version 12.00
# Visual Studio Version 17
VisualStudioVersion = 17.5.33424.131
MinimumVisualStudioVersion = 10.0.40219.1
Project("{FAE04EC0-301F-11D3-BF4B-00C04F79EFBC}") = "Donguler", "Donguler\Donguler.csproj", "{1BBBEB0B-292E-4C04-BC6C-A73EF2C3B766}"
EndProject
Global
	GlobalSection(SolutionConfigurationPlatforms) = preSolution
		Debug|Any CPU = Debug|Any CPU
		Release|Any CPU = Release|Any CPU
	EndGlobalSection
	GlobalSection(ProjectConfigurationPlatforms) = postSolution
		{1BBBEB0B-292E-4C04-BC6C-A73EF2C3B766}.Debug|Any CPU.ActiveCfg = Debug|Any CPU
		{1BBBEB0B-292E-4C04-BC6C-A73EF2C3B766}.Debug|Any CPU.Build.0 = Debug|Any CPU
		{1BBBEB0B-292E-4C04-BC6C-A73EF2C3B766}.Release|Any CPU.ActiveCfg = Release|Any CPU
		{1BBBEB0B-292E-4C04-BC6C-A73EF2C3B766}.Release|Any CPU.Build.0 = Release|Any CPU
	EndGlobalSection
	GlobalSection(SolutionProperties) = preSolution
		HideSolutionNode = FALSE
	EndGlobalSection
	GlobalSection(ExtensibilityGlobals) = postSolution
		SolutionGuid = {ABBAE421-30B2-429B-B03F-AFBFE710A8DB}
	EndGlobalSection
EndGlobal
